dependencies:
- name: dex
  repository: https://charts.dexidp.io
  version: 0.16.0
- name: oauth2-proxy
  repository: https://oauth2-proxy.github.io/manifests
  version: 7.7.1
- name: httpbin
  repository: https://conservis.github.io/helm-charts
  version: 1.1.0
- name: hello-world
  repository: https://conservis.github.io/helm-charts
  version: 1.1.0
digest: sha256:4a20ebf2faead68dfca2e8c7b211310f961710f4e20bd5825b56b7ed2dd57c0d
generated: "2024-05-31T13:17:35.182215091Z"
